dependencies:
- name: ui
  repository: file://../ui
  version: 1.0.0
- name: post
  repository: file://../post
  version: 1.0.0
- name: comment
  repository: file://../comment
  version: 1.0.0
- name: mongodb
  repository: https://kubernetes-charts.storage.googleapis.com
  version: 0.4.18
digest: sha256:a58cafa7da570fb588484d9e175636bfdf327881cc078a7315d3a0e666c6f071
generated: 2018-04-07T16:40:46.662939998+03:00
